// !$*UTF8*$!
{
	archiveVersion = 1;
	classes = {
	};
	objectVersion = 46;
	objects = {

/* Begin PBXBuildFile section */
		5BA22ECC1CE3E01700F2A0F4 /* main.m in Sources */ = {isa = PBXBuildFile; fileRef = 5BA22ECB1CE3E01700F2A0F4 /* main.m */; };
		5BA22ECF1CE3E01700F2A0F4 /* AppDelegate.m in Sources */ = {isa = PBXBuildFile; fileRef = 5BA22ECE1CE3E01700F2A0F4 /* AppDelegate.m */; };
		5BA22ED21CE3E01700F2A0F4 /* ViewController.m in Sources */ = {isa = PBXBuildFile; fileRef = 5BA22ED11CE3E01700F2A0F4 /* ViewController.m */; };
		5BA22ED51CE3E01700F2A0F4 /* Main.storyboard in Resources */ = {isa = PBXBuildFile; fileRef = 5BA22ED31CE3E01700F2A0F4 /* Main.storyboard */; };
		5BA22ED71CE3E01700F2A0F4 /* Assets.xcassets in Resources */ = {isa = PBXBuildFile; fileRef = 5BA22ED61CE3E01700F2A0F4 /* Assets.xcassets */; };
		5BA22EDA1CE3E01700F2A0F4 /* LaunchScreen.storyboard in Resources */ = {isa = PBXBuildFile; fileRef = 5BA22ED81CE3E01700F2A0F4 /* LaunchScreen.storyboard */; };
/* End PBXBuildFile section */

/* Begin PBXFileReference section */
		5BA22EC71CE3E01700F2A0F4 /* Mafia.app */ = {isa = PBXFileReference; explicitFileType = wrapper.application; includeInIndex = 0; path = Mafia.app; sourceTree = BUILT_PRODUCTS_DIR; };
		5BA22ECB1CE3E01700F2A0F4 /* main.m */ = {isa = PBXFileReference; lastKnownFileType = sourcecode.c.objc; path = main.m; sourceTree = "<group>"; };
		5BA22ECD1CE3E01700F2A0F4 /* AppDelegate.h */ = {isa = PBXFileReference; lastKnownFileType = sourcecode.c.h; path = AppDelegate.h; sourceTree = "<group>"; };
		5BA22ECE1CE3E01700F2A0F4 /* AppDelegate.m */ = {isa = PBXFileReference; lastKnownFileType = sourcecode.c.objc; path = AppDelegate.m; sourceTree = "<group>"; };
		5BA22ED01CE3E01700F2A0F4 /* ViewController.h */ = {isa = PBXFileReference; lastKnownFileType = sourcecode.c.h; path = ViewController.h; sourceTree = "<group>"; };
		5BA22ED11CE3E01700F2A0F4 /* ViewController.m */ = {isa = PBXFileReference; lastKnownFileType = sourcecode.c.objc; path = ViewController.m; sourceTree = "<group>"; };
		5BA22ED41CE3E01700F2A0F4 /* Base */ = {isa = PBXFileReference; lastKnownFileType = file.storyboard; name = Base; path = Base.lproj/Main.storyboard; sourceTree = "<group>"; };
		5BA22ED61CE3E01700F2A0F4 /* Assets.xcassets */ = {isa = PBXFileReference; lastKnownFileType = folder.assetcatalog; path = Assets.xcassets; sourceTree = "<group>"; };
		5BA22ED91CE3E01700F2A0F4 /* Base */ = {isa = PBXFileReference; lastKnownFileType = file.storyboard; name = Base; path = Base.lproj/LaunchScreen.storyboard; sourceTree = "<group>"; };
		5BA22EDB1CE3E01700F2A0F4 /* Info.plist */ = {isa = PBXFileReference; lastKnownFileType = text.plist.xml; path = Info.plist; sourceTree = "<group>"; };
/* End PBXFileReference section */

/* Begin PBXFrameworksBuildPhase section */
		5BA22EC41CE3E01700F2A0F4 /* Frameworks */ = {
			isa = PBXFrameworksBuildPhase;
			buildActionMask = 2147483647;
			files = (
			);
			runOnlyForDeploymentPostprocessing = 0;
		};
/* End PBXFrameworksBuildPhase section */

/* Begin PBXGroup section */
		5BA22EBE1CE3E01700F2A0F4 = {
			isa = PBXGroup;
			children = (
				5BA22EC91CE3E01700F2A0F4 /* Mafia */,
				5BA22EC81CE3E01700F2A0F4 /* Products */,
			);
			sourceTree = "<group>";
		};
		5BA22EC81CE3E01700F2A0F4 /* Products */ = {
			isa = PBXGroup;
			children = (
				5BA22EC71CE3E01700F2A0F4 /* Mafia.app */,
			);
			name = Products;
			sourceTree = "<group>";
		};
		5BA22EC91CE3E01700F2A0F4 /* Mafia */ = {
			isa = PBXGroup;
			children = (
				5BA22ECD1CE3E01700F2A0F4 /* AppDelegate.h */,
				5BA22ECE1CE3E01700F2A0F4 /* AppDelegate.m */,
				5BA22ED01CE3E01700F2A0F4 /* ViewController.h */,
				5BA22ED11CE3E01700F2A0F4 /* ViewController.m */,
				5BA22ED31CE3E01700F2A0F4 /* Main.storyboard */,
				5BA22ED61CE3E01700F2A0F4 /* Assets.xcassets */,
				5BA22ED81CE3E01700F2A0F4 /* LaunchScreen.storyboard */,
				5BA22EDB1CE3E01700F2A0F4 /* Info.plist */,
				5BA22ECA1CE3E01700F2A0F4 /* Supporting Files */,
			);
			path = Mafia;
			sourceTree = "<group>";
		};
		5BA22ECA1CE3E01700F2A0F4 /* Supporting Files */ = {
			isa = PBXGroup;
			children = (
				5BA22ECB1CE3E01700F2A0F4 /* main.m */,
			);
			name = "Supporting Files";
			sourceTree = "<group>";
		};
/* End PBXGroup section */

/* Begin PBXNativeTarget section */
		5BA22EC61CE3E01700F2A0F4 /* Mafia */ = {
			isa = PBXNativeTarget;
			buildConfigurationList = 5BA22EDE1CE3E01700F2A0F4 /* Build configuration list for PBXNativeTarget "Mafia" */;
			buildPhases = (
				5BA22EC31CE3E01700F2A0F4 /* Sources */,
				5BA22EC41CE3E01700F2A0F4 /* Frameworks */,
				5BA22EC51CE3E01700F2A0F4 /* Resources */,
			);
			buildRules = (
			);
			dependencies = (
			);
			name = Mafia;
			productName = Mafia;
			productReference = 5BA22EC71CE3E01700F2A0F4 /* Mafia.app */;
			productType = "com.apple.product-type.application";
		};
/* End PBXNativeTarget section */

/* Begin PBXProject section */
		5BA22EBF1CE3E01700F2A0F4 /* Project object */ = {
			isa = PBXProject;
			attributes = {
				LastUpgradeCheck = 0730;
				ORGANIZATIONNAME = "Rosalyn Kingsmill";
				TargetAttributes = {
					5BA22EC61CE3E01700F2A0F4 = {
						CreatedOnToolsVersion = 7.3;
					};
				};
			};
			buildConfigurationList = 5BA22EC21CE3E01700F2A0F4 /* Build configuration list for PBXProject "Mafia" */;
			compatibilityVersion = "Xcode 3.2";
			developmentRegion = English;
			hasScannedForEncodings = 0;
			knownRegions = (
				en,
				Base,
			);
			mainGroup = 5BA22EBE1CE3E01700F2A0F4;
			productRefGroup = 5BA22EC81CE3E01700F2A0F4 /* Products */;
			projectDirPath = "";
			projectRoot = "";
			targets = (
				5BA22EC61CE3E01700F2A0F4 /* Mafia */,
			);
		};
/* End PBXProject section */

/* Begin PBXResourcesBuildPhase section */
		5BA22EC51CE3E01700F2A0F4 /* Resources */ = {
			isa = PBXResourcesBuildPhase;
			buildActionMask = 2147483647;
			files = (
				5BA22EDA1CE3E01700F2A0F4 /* LaunchScreen.storyboard in Resources */,
				5BA22ED71CE3E01700F2A0F4 /* Assets.xcassets in Resources */,
				5BA22ED51CE3E01700F2A0F4 /* Main.storyboard in Resources */,
			);
			runOnlyForDeploymentPostprocessing = 0;
		};
/* End PBXResourcesBuildPhase section */

/* Begin PBXSourcesBuildPhase section */
		5BA22EC31CE3E01700F2A0F4 /* Sources */ = {
			isa = PBXSourcesBuildPhase;
			buildActionMask = 2147483647;
			files = (
				5BA22ED21CE3E01700F2A0F4 /* ViewController.m in Sources */,
				5BA22ECF1CE3E01700F2A0F4 /* AppDelegate.m in Sources */,
				5BA22ECC1CE3E01700F2A0F4 /* main.m in Sources */,
			);
			runOnlyForDeploymentPostprocessing = 0;
		};
/* End PBXSourcesBuildPhase section */

/* Begin PBXVariantGroup section */
		5BA22ED31CE3E01700F2A0F4 /* Main.storyboard */ = {
			isa = PBXVariantGroup;
			children = (
				5BA22ED41CE3E01700F2A0F4 /* Base */,
			);
			name = Main.storyboard;
			sourceTree = "<group>";
		};
		5BA22ED81CE3E01700F2A0F4 /* LaunchScreen.storyboard */ = {
			isa = PBXVariantGroup;
			children = (
				5BA22ED91CE3E01700F2A0F4 /* Base */,
			);
			name = LaunchScreen.storyboard;
			sourceTree = "<group>";
		};
/* End PBXVariantGroup section */

/* Begin XCBuildConfiguration section */
		5BA22EDC1CE3E01700F2A0F4 /* Debug */ = {
			isa = XCBuildConfiguration;
			buildSettings = {
				ALWAYS_SEARCH_USER_PATHS = NO;
				CLANG_ANALYZER_NONNULL = YES;
				CLANG_CXX_LANGUAGE_STANDARD = "gnu++0x";
				CLANG_CXX_LIBRARY = "libc++";
				CLANG_ENABLE_MODULES = YES;
				CLANG_ENABLE_OBJC_ARC = YES;
				CLANG_WARN_BOOL_CONVERSION = YES;
				CLANG_WARN_CONSTANT_CONVERSION = YES;
				CLANG_WARN_DIRECT_OBJC_ISA_USAGE = YES_ERROR;
				CLANG_WARN_EMPTY_BODY = YES;
				CLANG_WARN_ENUM_CONVERSION = YES;
				CLANG_WARN_INT_CONVERSION = YES;
				CLANG_WARN_OBJC_ROOT_CLASS = YES_ERROR;
				CLANG_WARN_UNREACHABLE_CODE = YES;
				CLANG_WARN__DUPLICATE_METHOD_MATCH = YES;
				"CODE_SIGN_IDENTITY[sdk=iphoneos*]" = "iPhone Developer";
				COPY_PHASE_STRIP = NO;
				DEBUG_INFORMATION_FORMAT = dwarf;
				ENABLE_STRICT_OBJC_MSGSEND = YES;
				ENABLE_TESTABILITY = YES;
				GCC_C_LANGUAGE_STANDARD = gnu99;
				GCC_DYNAMIC_NO_PIC = NO;
				GCC_NO_COMMON_BLOCKS = YES;
				GCC_OPTIMIZATION_LEVEL = 0;
				GCC_PREPROCESSOR_DEFINITIONS = (
					"DEBUG=1",
					"$(inherited)",
				);
				GCC_WARN_64_TO_32_BIT_CONVERSION = YES;
				GCC_WARN_ABOUT_RETURN_TYPE = YES_ERROR;
				GCC_WARN_UNDECLARED_SELECTOR = YES;
				GCC_WARN_UNINITIALIZED_AUTOS = YES_AGGRESSIVE;
				GCC_WARN_UNUSED_FUNCTION = YES;
				GCC_WARN_UNUSED_VARIABLE = YES;
				IPHONEOS_DEPLOYMENT_TARGET = 9.3;
				MTL_ENABLE_DEBUG_INFO = YES;
				ONLY_ACTIVE_ARCH = YES;
				SDKROOT = iphoneos;
				TARGETED_DEVICE_FAMILY = 2;
			};
			name = Debug;
		};
		5BA22EDD1CE3E01700F2A0F4 /* Release */ = {
			isa = XCBuildConfiguration;
			buildSettings = {
				ALWAYS_SEARCH_USER_PATHS = NO;
				CLANG_ANALYZER_NONNULL = YES;
				CLANG_CXX_LANGUAGE_STANDARD = "gnu++0x";
				CLANG_CXX_LIBRARY = "libc++";
				CLANG_ENABLE_MODULES = YES;
				CLANG_ENABLE_OBJC_ARC = YES;
				CLANG_WARN_BOOL_CONVERSION = YES;
				CLANG_WARN_CONSTANT_CONVERSION = YES;
				CLANG_WARN_DIRECT_OBJC_ISA_USAGE = YES_ERROR;
				CLANG_WARN_EMPTY_BODY = YES;
				CLANG_WARN_ENUM_CONVERSION = YES;
				CLANG_WARN_INT_CONVERSION = YES;
				CLANG_WARN_OBJC_ROOT_CLASS = YES_ERROR;
				CLANG_WARN_UNREACHABLE_CODE = YES;
				CLANG_WARN__DUPLICATE_METHOD_MATCH = YES;
				"CODE_SIGN_IDENTITY[sdk=iphoneos*]" = "iPhone Developer";
				COPY_PHASE_STRIP = NO;
				DEBUG_INFORMATION_FORMAT = "dwarf-with-dsym";
				ENABLE_NS_ASSERTIONS = NO;
				ENABLE_STRICT_OBJC_MSGSEND = YES;
				GCC_C_LANGUAGE_STANDARD = gnu99;
				GCC_NO_COMMON_BLOCKS = YES;
				GCC_WARN_64_TO_32_BIT_CONVERSION = YES;
				GCC_WARN_ABOUT_RETURN_TYPE = YES_ERROR;
				GCC_WARN_UNDECLARED_SELECTOR = YES;
				GCC_WARN_UNINITIALIZED_AUTOS = YES_AGGRESSIVE;
				GCC_WARN_UNUSED_FUNCTION = YES;
				GCC_WARN_UNUSED_VARIABLE = YES;
				IPHONEOS_DEPLOYMENT_TARGET = 9.3;
				MTL_ENABLE_DEBUG_INFO = NO;
				SDKROOT = iphoneos;
				TARGETED_DEVICE_FAMILY = 2;
				VALIDATE_PRODUCT = YES;
			};
			name = Release;
		};
		5BA22EDF1CE3E01700F2A0F4 /* Debug */ = {
			isa = XCBuildConfiguration;
			buildSettings = {
				ASSETCATALOG_COMPILER_APPICON_NAME = AppIcon;
				INFOPLIST_FILE = Mafia/Info.plist;
				LD_RUNPATH_SEARCH_PATHS = "$(inherited) @executable_path/Frameworks";
				PRODUCT_BUNDLE_IDENTIFIER = "Lighthouse-Labs.Mafia";
				PRODUCT_NAME = "$(TARGET_NAME)";
				TARGETED_DEVICE_FAMILY = "1,2";
			};
			name = Debug;
		};
		5BA22EE01CE3E01700F2A0F4 /* Release */ = {
			isa = XCBuildConfiguration;
			buildSettings = {
				ASSETCATALOG_COMPILER_APPICON_NAME = AppIcon;
				INFOPLIST_FILE = Mafia/Info.plist;
				LD_RUNPATH_SEARCH_PATHS = "$(inherited) @executable_path/Frameworks";
				PRODUCT_BUNDLE_IDENTIFIER = "Lighthouse-Labs.Mafia";
				PRODUCT_NAME = "$(TARGET_NAME)";
				TARGETED_DEVICE_FAMILY = "1,2";
			};
			name = Release;
		};
/* End XCBuildConfiguration section */

/* Begin XCConfigurationList section */
		5BA22EC21CE3E01700F2A0F4 /* Build configuration list for PBXProject "Mafia" */ = {
			isa = XCConfigurationList;
			buildConfigurations = (
				5BA22EDC1CE3E01700F2A0F4 /* Debug */,
				5BA22EDD1CE3E01700F2A0F4 /* Release */,
			);
			defaultConfigurationIsVisible = 0;
			defaultConfigurationName = Release;
		};
		5BA22EDE1CE3E01700F2A0F4 /* Build configuration list for PBXNativeTarget "Mafia" */ = {
			isa = XCConfigurationList;
			buildConfigurations = (
				5BA22EDF1CE3E01700F2A0F4 /* Debug */,
				5BA22EE01CE3E01700F2A0F4 /* Release */,
			);
			defaultConfigurationIsVisible = 0;
		};
/* End XCConfigurationList section */
	};
	rootObject = 5BA22EBF1CE3E01700F2A0F4 /* Project object */;
}
